
Microsoft Visual Studio Solution File, Format Version 12.00
# Visual Studio Version 17
VisualStudioVersion = 17.2.32616.157
MinimumVisualStudioVersion = 10.0.40219.1
Project("{FAE04EC0-301F-11D3-BF4B-00C04F79EFBC}") = "Day66MyHotelBookingProj", "Day66MyHotelBookingProj\Day66MyHotelBookingProj.csproj", "{15B8B224-EE33-4B47-810D-243D0707D8C8}"
EndProject
Global
	GlobalSection(SolutionConfigurationPlatforms) = preSolution
		Debug|Any CPU = Debug|Any CPU
		Release|Any CPU = Release|Any CPU
	EndGlobalSection
	GlobalSection(ProjectConfigurationPlatforms) = postSolution
		{15B8B224-EE33-4B47-810D-243D0707D8C8}.Debug|Any CPU.ActiveCfg = Debug|Any CPU
		{15B8B224-EE33-4B47-810D-243D0707D8C8}.Debug|Any CPU.Build.0 = Debug|Any CPU
		{15B8B224-EE33-4B47-810D-243D0707D8C8}.Release|Any CPU.ActiveCfg = Release|Any CPU
		{15B8B224-EE33-4B47-810D-243D0707D8C8}.Release|Any CPU.Build.0 = Release|Any CPU
	EndGlobalSection
	GlobalSection(SolutionProperties) = preSolution
		HideSolutionNode = FALSE
	EndGlobalSection
	GlobalSection(ExtensibilityGlobals) = postSolution
		SolutionGuid = {3DAF077B-059D-4673-AAD9-9D10289F4647}
	EndGlobalSection
EndGlobal
